// !$*UTF8*$!
{
	archiveVersion = 1;
	classes = {
	};
	objectVersion = 46;
	objects = {

/* Begin PBXBuildFile section */
		BC3921321EDDD00800B26369 /* AppDelegate.swift in Sources */ = {isa = PBXBuildFile; fileRef = BC3921311EDDD00800B26369 /* AppDelegate.swift */; };
		BC3921371EDDD00800B26369 /* Main.storyboard in Resources */ = {isa = PBXBuildFile; fileRef = BC3921351EDDD00800B26369 /* Main.storyboard */; };
		BC39213A1EDDD00800B26369 /* Plant.xcdatamodeld in Sources */ = {isa = PBXBuildFile; fileRef = BC3921381EDDD00800B26369 /* Plant.xcdatamodeld */; };
		BC39213C1EDDD00800B26369 /* Assets.xcassets in Resources */ = {isa = PBXBuildFile; fileRef = BC39213B1EDDD00800B26369 /* Assets.xcassets */; };
		BC39213F1EDDD00800B26369 /* LaunchScreen.storyboard in Resources */ = {isa = PBXBuildFile; fileRef = BC39213D1EDDD00800B26369 /* LaunchScreen.storyboard */; };
		BC3921471EDDD0FA00B26369 /* PlantViewController.swift in Sources */ = {isa = PBXBuildFile; fileRef = BC3921461EDDD0FA00B26369 /* PlantViewController.swift */; };
		BC3921491EDDD22100B26369 /* prmgeo.json in Resources */ = {isa = PBXBuildFile; fileRef = BC3921481EDDD22100B26369 /* prmgeo.json */; };
		BC39214B1EDDD25000B26369 /* CoreDataManager.swift in Sources */ = {isa = PBXBuildFile; fileRef = BC39214A1EDDD25000B26369 /* CoreDataManager.swift */; };
		BC39214D1EDDD63C00B26369 /* PlantTableViewCell.swift in Sources */ = {isa = PBXBuildFile; fileRef = BC39214C1EDDD63C00B26369 /* PlantTableViewCell.swift */; };
		BC3921521EDDD86200B26369 /* bruce.mcdonald.jpg in Resources */ = {isa = PBXBuildFile; fileRef = BC3921511EDDD86200B26369 /* bruce.mcdonald.jpg */; };
		BC3921591EDDD88700B26369 /* julie.ragland.jpg in Resources */ = {isa = PBXBuildFile; fileRef = BC3921531EDDD88700B26369 /* julie.ragland.jpg */; };
		BC39215A1EDDD88700B26369 /* mike.chabot.jpg in Resources */ = {isa = PBXBuildFile; fileRef = BC3921541EDDD88700B26369 /* mike.chabot.jpg */; };
		BC39215B1EDDD88700B26369 /* randy.urban.jpg in Resources */ = {isa = PBXBuildFile; fileRef = BC3921551EDDD88700B26369 /* randy.urban.jpg */; };
		BC39215C1EDDD88700B26369 /* sarah.hendrixson.jpg in Resources */ = {isa = PBXBuildFile; fileRef = BC3921561EDDD88700B26369 /* sarah.hendrixson.jpg */; };
		BC39215D1EDDD88700B26369 /* sheryl.haislet.jpg in Resources */ = {isa = PBXBuildFile; fileRef = BC3921571EDDD88700B26369 /* sheryl.haislet.jpg */; };
		BC39215E1EDDD88700B26369 /* shobita.saxena.jpg in Resources */ = {isa = PBXBuildFile; fileRef = BC3921581EDDD88700B26369 /* shobita.saxena.jpg */; };
		BC3921601EDDDC5E00B26369 /* MyCollectionViewCell.swift in Sources */ = {isa = PBXBuildFile; fileRef = BC39215F1EDDDC5E00B26369 /* MyCollectionViewCell.swift */; };
/* End PBXBuildFile section */

/* Begin PBXFileReference section */
		BC39212E1EDDD00800B26369 /* Plant.app */ = {isa = PBXFileReference; explicitFileType = wrapper.application; includeInIndex = 0; path = Plant.app; sourceTree = BUILT_PRODUCTS_DIR; };
		BC3921311EDDD00800B26369 /* AppDelegate.swift */ = {isa = PBXFileReference; lastKnownFileType = sourcecode.swift; path = AppDelegate.swift; sourceTree = "<group>"; };
		BC3921361EDDD00800B26369 /* Base */ = {isa = PBXFileReference; lastKnownFileType = file.storyboard; name = Base; path = Base.lproj/Main.storyboard; sourceTree = "<group>"; };
		BC3921391EDDD00800B26369 /* Plant.xcdatamodel */ = {isa = PBXFileReference; lastKnownFileType = wrapper.xcdatamodel; path = Plant.xcdatamodel; sourceTree = "<group>"; };
		BC39213B1EDDD00800B26369 /* Assets.xcassets */ = {isa = PBXFileReference; lastKnownFileType = folder.assetcatalog; path = Assets.xcassets; sourceTree = "<group>"; };
		BC39213E1EDDD00800B26369 /* Base */ = {isa = PBXFileReference; lastKnownFileType = file.storyboard; name = Base; path = Base.lproj/LaunchScreen.storyboard; sourceTree = "<group>"; };
		BC3921401EDDD00800B26369 /* Info.plist */ = {isa = PBXFileReference; lastKnownFileType = text.plist.xml; path = Info.plist; sourceTree = "<group>"; };
		BC3921461EDDD0FA00B26369 /* PlantViewController.swift */ = {isa = PBXFileReference; fileEncoding = 4; lastKnownFileType = sourcecode.swift; path = PlantViewController.swift; sourceTree = SOURCE_ROOT; };
		BC3921481EDDD22100B26369 /* prmgeo.json */ = {isa = PBXFileReference; fileEncoding = 4; lastKnownFileType = text.json; path = prmgeo.json; sourceTree = "<group>"; };
		BC39214A1EDDD25000B26369 /* CoreDataManager.swift */ = {isa = PBXFileReference; fileEncoding = 4; lastKnownFileType = sourcecode.swift; path = CoreDataManager.swift; sourceTree = "<group>"; };
		BC39214C1EDDD63C00B26369 /* PlantTableViewCell.swift */ = {isa = PBXFileReference; fileEncoding = 4; lastKnownFileType = sourcecode.swift; path = PlantTableViewCell.swift; sourceTree = "<group>"; };
		BC3921511EDDD86200B26369 /* bruce.mcdonald.jpg */ = {isa = PBXFileReference; lastKnownFileType = image.jpeg; path = bruce.mcdonald.jpg; sourceTree = "<group>"; };
		BC3921531EDDD88700B26369 /* julie.ragland.jpg */ = {isa = PBXFileReference; lastKnownFileType = image.jpeg; path = julie.ragland.jpg; sourceTree = "<group>"; };
		BC3921541EDDD88700B26369 /* mike.chabot.jpg */ = {isa = PBXFileReference; lastKnownFileType = image.jpeg; path = mike.chabot.jpg; sourceTree = "<group>"; };
		BC3921551EDDD88700B26369 /* randy.urban.jpg */ = {isa = PBXFileReference; lastKnownFileType = image.jpeg; path = randy.urban.jpg; sourceTree = "<group>"; };
		BC3921561EDDD88700B26369 /* sarah.hendrixson.jpg */ = {isa = PBXFileReference; lastKnownFileType = image.jpeg; path = sarah.hendrixson.jpg; sourceTree = "<group>"; };
		BC3921571EDDD88700B26369 /* sheryl.haislet.jpg */ = {isa = PBXFileReference; lastKnownFileType = image.jpeg; path = sheryl.haislet.jpg; sourceTree = "<group>"; };
		BC3921581EDDD88700B26369 /* shobita.saxena.jpg */ = {isa = PBXFileReference; lastKnownFileType = image.jpeg; path = shobita.saxena.jpg; sourceTree = "<group>"; };
		BC39215F1EDDDC5E00B26369 /* MyCollectionViewCell.swift */ = {isa = PBXFileReference; fileEncoding = 4; lastKnownFileType = sourcecode.swift; path = MyCollectionViewCell.swift; sourceTree = "<group>"; };
/* End PBXFileReference section */

/* Begin PBXFrameworksBuildPhase section */
		BC39212B1EDDD00800B26369 /* Frameworks */ = {
			isa = PBXFrameworksBuildPhase;
			buildActionMask = 2147483647;
			files = (
			);
			runOnlyForDeploymentPostprocessing = 0;
		};
/* End PBXFrameworksBuildPhase section */

/* Begin PBXGroup section */
		BC3921251EDDD00800B26369 = {
			isa = PBXGroup;
			children = (
				BC3921301EDDD00800B26369 /* Plant */,
				BC39212F1EDDD00800B26369 /* Products */,
			);
			sourceTree = "<group>";
		};
		BC39212F1EDDD00800B26369 /* Products */ = {
			isa = PBXGroup;
			children = (
				BC39212E1EDDD00800B26369 /* Plant.app */,
			);
			name = Products;
			sourceTree = "<group>";
		};
		BC3921301EDDD00800B26369 /* Plant */ = {
			isa = PBXGroup;
			children = (
				BC3921311EDDD00800B26369 /* AppDelegate.swift */,
				BC39214A1EDDD25000B26369 /* CoreDataManager.swift */,
				BC3921461EDDD0FA00B26369 /* PlantViewController.swift */,
				BC39214C1EDDD63C00B26369 /* PlantTableViewCell.swift */,
				BC39215F1EDDDC5E00B26369 /* MyCollectionViewCell.swift */,
				BC3921351EDDD00800B26369 /* Main.storyboard */,
				BC39213B1EDDD00800B26369 /* Assets.xcassets */,
				BC39213D1EDDD00800B26369 /* LaunchScreen.storyboard */,
				BC3921401EDDD00800B26369 /* Info.plist */,
				BC3921481EDDD22100B26369 /* prmgeo.json */,
				BC3921381EDDD00800B26369 /* Plant.xcdatamodeld */,
				BC3921501EDDD85300B26369 /* picture */,
			);
			path = Plant;
			sourceTree = "<group>";
		};
		BC3921501EDDD85300B26369 /* picture */ = {
			isa = PBXGroup;
			children = (
				BC3921531EDDD88700B26369 /* julie.ragland.jpg */,
				BC3921541EDDD88700B26369 /* mike.chabot.jpg */,
				BC3921551EDDD88700B26369 /* randy.urban.jpg */,
				BC3921561EDDD88700B26369 /* sarah.hendrixson.jpg */,
				BC3921571EDDD88700B26369 /* sheryl.haislet.jpg */,
				BC3921581EDDD88700B26369 /* shobita.saxena.jpg */,
				BC3921511EDDD86200B26369 /* bruce.mcdonald.jpg */,
			);
			name = picture;
			sourceTree = "<group>";
		};
/* End PBXGroup section */

/* Begin PBXNativeTarget section */
		BC39212D1EDDD00800B26369 /* Plant */ = {
			isa = PBXNativeTarget;
			buildConfigurationList = BC3921431EDDD00800B26369 /* Build configuration list for PBXNativeTarget "Plant" */;
			buildPhases = (
				BC39212A1EDDD00800B26369 /* Sources */,
				BC39212B1EDDD00800B26369 /* Frameworks */,
				BC39212C1EDDD00800B26369 /* Resources */,
			);
			buildRules = (
			);
			dependencies = (
			);
			name = Plant;
			productName = Plant;
			productReference = BC39212E1EDDD00800B26369 /* Plant.app */;
			productType = "com.apple.product-type.application";
		};
/* End PBXNativeTarget section */

/* Begin PBXProject section */
		BC3921261EDDD00800B26369 /* Project object */ = {
			isa = PBXProject;
			attributes = {
				LastSwiftUpdateCheck = 0830;
				LastUpgradeCheck = 0830;
				ORGANIZATIONNAME = "Kun Huang";
				TargetAttributes = {
					BC39212D1EDDD00800B26369 = {
						CreatedOnToolsVersion = 8.3.2;
						DevelopmentTeam = 776YQQ7A2B;
						ProvisioningStyle = Automatic;
					};
				};
			};
			buildConfigurationList = BC3921291EDDD00800B26369 /* Build configuration list for PBXProject "Plant" */;
			compatibilityVersion = "Xcode 3.2";
			developmentRegion = English;
			hasScannedForEncodings = 0;
			knownRegions = (
				en,
				Base,
			);
			mainGroup = BC3921251EDDD00800B26369;
			productRefGroup = BC39212F1EDDD00800B26369 /* Products */;
			projectDirPath = "";
			projectRoot = "";
			targets = (
				BC39212D1EDDD00800B26369 /* Plant */,
			);
		};
/* End PBXProject section */

/* Begin PBXResourcesBuildPhase section */
		BC39212C1EDDD00800B26369 /* Resources */ = {
			isa = PBXResourcesBuildPhase;
			buildActionMask = 2147483647;
			files = (
				BC39213F1EDDD00800B26369 /* LaunchScreen.storyboard in Resources */,
				BC39215E1EDDD88700B26369 /* shobita.saxena.jpg in Resources */,
				BC39215A1EDDD88700B26369 /* mike.chabot.jpg in Resources */,
				BC39215B1EDDD88700B26369 /* randy.urban.jpg in Resources */,
				BC3921521EDDD86200B26369 /* bruce.mcdonald.jpg in Resources */,
				BC3921491EDDD22100B26369 /* prmgeo.json in Resources */,
				BC39213C1EDDD00800B26369 /* Assets.xcassets in Resources */,
				BC39215D1EDDD88700B26369 /* sheryl.haislet.jpg in Resources */,
				BC39215C1EDDD88700B26369 /* sarah.hendrixson.jpg in Resources */,
				BC3921591EDDD88700B26369 /* julie.ragland.jpg in Resources */,
				BC3921371EDDD00800B26369 /* Main.storyboard in Resources */,
			);
			runOnlyForDeploymentPostprocessing = 0;
		};
/* End PBXResourcesBuildPhase section */

/* Begin PBXSourcesBuildPhase section */
		BC39212A1EDDD00800B26369 /* Sources */ = {
			isa = PBXSourcesBuildPhase;
			buildActionMask = 2147483647;
			files = (
				BC39213A1EDDD00800B26369 /* Plant.xcdatamodeld in Sources */,
				BC39214D1EDDD63C00B26369 /* PlantTableViewCell.swift in Sources */,
				BC3921601EDDDC5E00B26369 /* MyCollectionViewCell.swift in Sources */,
				BC3921321EDDD00800B26369 /* AppDelegate.swift in Sources */,
				BC39214B1EDDD25000B26369 /* CoreDataManager.swift in Sources */,
				BC3921471EDDD0FA00B26369 /* PlantViewController.swift in Sources */,
			);
			runOnlyForDeploymentPostprocessing = 0;
		};
/* End PBXSourcesBuildPhase section */

/* Begin PBXVariantGroup section */
		BC3921351EDDD00800B26369 /* Main.storyboard */ = {
			isa = PBXVariantGroup;
			children = (
				BC3921361EDDD00800B26369 /* Base */,
			);
			name = Main.storyboard;
			sourceTree = "<group>";
		};
		BC39213D1EDDD00800B26369 /* LaunchScreen.storyboard */ = {
			isa = PBXVariantGroup;
			children = (
				BC39213E1EDDD00800B26369 /* Base */,
			);
			name = LaunchScreen.storyboard;
			sourceTree = "<group>";
		};
/* End PBXVariantGroup section */

/* Begin XCBuildConfiguration section */
		BC3921411EDDD00800B26369 /* Debug */ = {
			isa = XCBuildConfiguration;
			buildSettings = {
				ALWAYS_SEARCH_USER_PATHS = NO;
				CLANG_ANALYZER_NONNULL = YES;
				CLANG_ANALYZER_NUMBER_OBJECT_CONVERSION = YES_AGGRESSIVE;
				CLANG_CXX_LANGUAGE_STANDARD = "gnu++0x";
				CLANG_CXX_LIBRARY = "libc++";
				CLANG_ENABLE_MODULES = YES;
				CLANG_ENABLE_OBJC_ARC = YES;
				CLANG_WARN_BOOL_CONVERSION = YES;
				CLANG_WARN_CONSTANT_CONVERSION = YES;
				CLANG_WARN_DIRECT_OBJC_ISA_USAGE = YES_ERROR;
				CLANG_WARN_DOCUMENTATION_COMMENTS = YES;
				CLANG_WARN_EMPTY_BODY = YES;
				CLANG_WARN_ENUM_CONVERSION = YES;
				CLANG_WARN_INFINITE_RECURSION = YES;
				CLANG_WARN_INT_CONVERSION = YES;
				CLANG_WARN_OBJC_ROOT_CLASS = YES_ERROR;
				CLANG_WARN_SUSPICIOUS_MOVE = YES;
				CLANG_WARN_UNREACHABLE_CODE = YES;
				CLANG_WARN__DUPLICATE_METHOD_MATCH = YES;
				"CODE_SIGN_IDENTITY[sdk=iphoneos*]" = "iPhone Developer";
				COPY_PHASE_STRIP = NO;
				DEBUG_INFORMATION_FORMAT = dwarf;
				ENABLE_STRICT_OBJC_MSGSEND = YES;
				ENABLE_TESTABILITY = YES;
				GCC_C_LANGUAGE_STANDARD = gnu99;
				GCC_DYNAMIC_NO_PIC = NO;
				GCC_NO_COMMON_BLOCKS = YES;
				GCC_OPTIMIZATION_LEVEL = 0;
				GCC_PREPROCESSOR_DEFINITIONS = (
					"DEBUG=1",
					"$(inherited)",
				);
				GCC_WARN_64_TO_32_BIT_CONVERSION = YES;
				GCC_WARN_ABOUT_RETURN_TYPE = YES_ERROR;
				GCC_WARN_UNDECLARED_SELECTOR = YES;
				GCC_WARN_UNINITIALIZED_AUTOS = YES_AGGRESSIVE;
				GCC_WARN_UNUSED_FUNCTION = YES;
				GCC_WARN_UNUSED_VARIABLE = YES;
				IPHONEOS_DEPLOYMENT_TARGET = 10.3;
				MTL_ENABLE_DEBUG_INFO = YES;
				ONLY_ACTIVE_ARCH = YES;
				SDKROOT = iphoneos;
				SWIFT_ACTIVE_COMPILATION_CONDITIONS = DEBUG;
				SWIFT_OPTIMIZATION_LEVEL = "-Onone";
				TARGETED_DEVICE_FAMILY = "1,2";
			};
			name = Debug;
		};
		BC3921421EDDD00800B26369 /* Release */ = {
			isa = XCBuildConfiguration;
			buildSettings = {
				ALWAYS_SEARCH_USER_PATHS = NO;
				CLANG_ANALYZER_NONNULL = YES;
				CLANG_ANALYZER_NUMBER_OBJECT_CONVERSION = YES_AGGRESSIVE;
				CLANG_CXX_LANGUAGE_STANDARD = "gnu++0x";
				CLANG_CXX_LIBRARY = "libc++";
				CLANG_ENABLE_MODULES = YES;
				CLANG_ENABLE_OBJC_ARC = YES;
				CLANG_WARN_BOOL_CONVERSION = YES;
				CLANG_WARN_CONSTANT_CONVERSION = YES;
				CLANG_WARN_DIRECT_OBJC_ISA_USAGE = YES_ERROR;
				CLANG_WARN_DOCUMENTATION_COMMENTS = YES;
				CLANG_WARN_EMPTY_BODY = YES;
				CLANG_WARN_ENUM_CONVERSION = YES;
				CLANG_WARN_INFINITE_RECURSION = YES;
				CLANG_WARN_INT_CONVERSION = YES;
				CLANG_WARN_OBJC_ROOT_CLASS = YES_ERROR;
				CLANG_WARN_SUSPICIOUS_MOVE = YES;
				CLANG_WARN_UNREACHABLE_CODE = YES;
				CLANG_WARN__DUPLICATE_METHOD_MATCH = YES;
				"CODE_SIGN_IDENTITY[sdk=iphoneos*]" = "iPhone Developer";
				COPY_PHASE_STRIP = NO;
				DEBUG_INFORMATION_FORMAT = "dwarf-with-dsym";
				ENABLE_NS_ASSERTIONS = NO;
				ENABLE_STRICT_OBJC_MSGSEND = YES;
				GCC_C_LANGUAGE_STANDARD = gnu99;
				GCC_NO_COMMON_BLOCKS = YES;
				GCC_WARN_64_TO_32_BIT_CONVERSION = YES;
				GCC_WARN_ABOUT_RETURN_TYPE = YES_ERROR;
				GCC_WARN_UNDECLARED_SELECTOR = YES;
				GCC_WARN_UNINITIALIZED_AUTOS = YES_AGGRESSIVE;
				GCC_WARN_UNUSED_FUNCTION = YES;
				GCC_WARN_UNUSED_VARIABLE = YES;
				IPHONEOS_DEPLOYMENT_TARGET = 10.3;
				MTL_ENABLE_DEBUG_INFO = NO;
				SDKROOT = iphoneos;
				SWIFT_OPTIMIZATION_LEVEL = "-Owholemodule";
				TARGETED_DEVICE_FAMILY = "1,2";
				VALIDATE_PRODUCT = YES;
			};
			name = Release;
		};
		BC3921441EDDD00800B26369 /* Debug */ = {
			isa = XCBuildConfiguration;
			buildSettings = {
				ASSETCATALOG_COMPILER_APPICON_NAME = AppIcon;
				DEVELOPMENT_TEAM = 776YQQ7A2B;
				INFOPLIST_FILE = Plant/Info.plist;
				LD_RUNPATH_SEARCH_PATHS = "$(inherited) @executable_path/Frameworks";
				PRODUCT_BUNDLE_IDENTIFIER = Adient.Plant;
				PRODUCT_NAME = "$(TARGET_NAME)";
				SWIFT_VERSION = 3.0;
			};
			name = Debug;
		};
		BC3921451EDDD00800B26369 /* Release */ = {
			isa = XCBuildConfiguration;
			buildSettings = {
				ASSETCATALOG_COMPILER_APPICON_NAME = AppIcon;
				DEVELOPMENT_TEAM = 776YQQ7A2B;
				INFOPLIST_FILE = Plant/Info.plist;
				LD_RUNPATH_SEARCH_PATHS = "$(inherited) @executable_path/Frameworks";
				PRODUCT_BUNDLE_IDENTIFIER = Adient.Plant;
				PRODUCT_NAME = "$(TARGET_NAME)";
				SWIFT_VERSION = 3.0;
			};
			name = Release;
		};
/* End XCBuildConfiguration section */

/* Begin XCConfigurationList section */
		BC3921291EDDD00800B26369 /* Build configuration list for PBXProject "Plant" */ = {
			isa = XCConfigurationList;
			buildConfigurations = (
				BC3921411EDDD00800B26369 /* Debug */,
				BC3921421EDDD00800B26369 /* Release */,
			);
			defaultConfigurationIsVisible = 0;
			defaultConfigurationName = Release;
		};
		BC3921431EDDD00800B26369 /* Build configuration list for PBXNativeTarget "Plant" */ = {
			isa = XCConfigurationList;
			buildConfigurations = (
				BC3921441EDDD00800B26369 /* Debug */,
				BC3921451EDDD00800B26369 /* Release */,
			);
			defaultConfigurationIsVisible = 0;
			defaultConfigurationName = Release;
		};
/* End XCConfigurationList section */

/* Begin XCVersionGroup section */
		BC3921381EDDD00800B26369 /* Plant.xcdatamodeld */ = {
			isa = XCVersionGroup;
			children = (
				BC3921391EDDD00800B26369 /* Plant.xcdatamodel */,
			);
			currentVersion = BC3921391EDDD00800B26369 /* Plant.xcdatamodel */;
			path = Plant.xcdatamodeld;
			sourceTree = "<group>";
			versionGroupType = wrapper.xcdatamodel;
		};
/* End XCVersionGroup section */
	};
	rootObject = BC3921261EDDD00800B26369 /* Project object */;
}
